schema: '2.0'
stages:
  _check-env-tex:
    cmd: calkit check environment --name tex
    outs:
    - path: .calkit/env-locks/tex.json
      hash: md5
      md5: cc3231187649b203a8f6c17aad4e5f6e
      size: 1171
  _check-env-jfm:
    cmd: calkit check environment --name jfm
    deps:
    - path: requirements.txt
      hash: md5
      md5: cc46be4d0ecf84eb0737bc6dc0e78d20
      size: 460
    outs:
    - path: .calkit/env-locks/jfm.txt
      hash: md5
      md5: da2778aa10b978a61b883bae86c4a4d3
      size: 3330
  compile-overleaf:
    cmd: calkit latex build -e tex --no-check pubs/JFM/FLMguide.tex
    deps:
    - path: .calkit/env-locks/tex
      hash: md5
      md5: 5335d12b2300755418b74ba5e4bda2a5.dir
      size: 1147
      nfiles: 1
    - path: pubs/JFM/FLMguide.tex
      hash: md5
      md5: 1fa9c38f335de794f11256bc1295639a
      size: 91692
    - path: pubs/JFM/FLMguide.tex
      hash: md5
      md5: 1fa9c38f335de794f11256bc1295639a
      size: 91692
    - path: pubs/JFM/JFM-FLM_Au.cls
      hash: md5
      md5: 3c186eafc5523bfaca542e040d306b68
      size: 77883
    - path: pubs/JFM/figs/
      hash: md5
      md5: e39b9d98847f26b0247be5cdf6821526.dir
      size: 1085566
      nfiles: 7
    - path: pubs/JFM/jfm.bib
      hash: md5
      md5: 558bdf4dcddb02fd3ece72325544b804
      size: 6831
    - path: pubs/JFM/jfm.bst
      hash: md5
      md5: 4905f5a36c36e08bc982133b3dc1d7d2
      size: 31797
    - path: pubs/JFM/lineno-FLM.sty
      hash: md5
      md5: 99c3d5a9f0bdda44e752563df250e3ed
      size: 3554
    - path: pubs/JFM/zotero-meem-refs.bib
      hash: md5
      md5: 88c1d0a371266876eb0a74de7e1ffcd0
      size: 30022
    outs:
    - path: pubs/JFM/FLMguide.pdf
      hash: md5
      md5: a7af9cb584e8f808c29d1954d3acc98c
      size: 331413
  validate-w-capy:
    cmd: calkit nb execute --environment openflash-on-main --no-check --language
      python --to html "dev/python/validation_with_capytaine_plots.ipynb"
    deps:
    - path: .calkit/env-locks/openflash-on-main
      hash: md5
      md5: e63a7a190bec62bdb13da6c8e0b67882.dir
      size: 9273
      nfiles: 1
    - path: 
        .calkit/notebooks/cleaned/dev/python/validation_with_capytaine_plots.ipynb
      hash: md5
      md5: 0d929ddf0c15a3c9d972f98fed673b97
      size: 19017
    outs:
    - path: 
        .calkit/notebooks/executed/dev/python/validation_with_capytaine_plots.ipynb
      hash: md5
      md5: 9213e50d66dd41622d10900b3fb0a2d1
      size: 287785
    - path: 
        .calkit/notebooks/html/dev/python/validation_with_capytaine_plots.html
      hash: md5
      md5: 7f4380ab2ab68b4f927abb523b24f988
      size: 578736
