schema: '2.0'
stages:
  _check-env-tex:
    cmd: calkit check environment --name tex
    outs:
    - path: .calkit/env-locks/tex.json
      hash: md5
      md5: ce301ee9d49aae58b70bbcaf4e72a44a
      size: 1171
  _check-env-jfm:
    cmd: calkit check environment --name jfm
    deps:
    - path: requirements.txt
      hash: md5
      md5: cc46be4d0ecf84eb0737bc6dc0e78d20
      size: 460
    outs:
    - path: .calkit/env-locks/jfm.txt
      hash: md5
      md5: da2778aa10b978a61b883bae86c4a4d3
      size: 3330
  compile-overleaf:
    cmd: calkit xenv -n tex --no-check -- latexmk -cd -norc 
      -interaction=nonstopmode -silent -synctex=1 -pdf pubs/JFM/FLMguide.tex
    deps:
    - path: .calkit/env-locks/tex.json
      hash: md5
      md5: ce301ee9d49aae58b70bbcaf4e72a44a
      size: 1171
    - path: pubs/JFM/FLMguide.tex
      hash: md5
      md5: 3e9d36c9be8e060b5df9f2b4018319b4
      size: 159247
    - path: pubs/JFM/FLMguide.tex
      hash: md5
      md5: 3e9d36c9be8e060b5df9f2b4018319b4
      size: 159247
    - path: pubs/JFM/JFM-FLM_Au.cls
      hash: md5
      md5: 3c186eafc5523bfaca542e040d306b68
      size: 77883
    - path: pubs/JFM/becca-zotero-refs.bib
      hash: md5
      md5: ca032cb4dff2bd7bdd1e3b00011f132c
      size: 3942
    - path: pubs/JFM/figs/
      hash: md5
      md5: 65df01e6178ec828785135f8fde773fd.dir
      size: 1433943
      nfiles: 35
    - path: pubs/JFM/jfm-appendix.tex
      hash: md5
      md5: 52770e0cffdb81b9601fd8a08032dd55
      size: 29074
    - path: pubs/JFM/jfm.bib
      hash: md5
      md5: 94debb13be1e536dfceb909122f78e97
      size: 4097
    - path: pubs/JFM/jfm.bst
      hash: md5
      md5: 87ba130f623ab9634524ef0699935c72
      size: 32331
    - path: pubs/JFM/lineno-FLM.sty
      hash: md5
      md5: 99c3d5a9f0bdda44e752563df250e3ed
      size: 3554
    - path: pubs/JFM/zotero-meem-refs.bib
      hash: md5
      md5: bc6c3e5ccad23eb982ab6cbe77119cf3
      size: 47692
    outs:
    - path: pubs/JFM/FLMguide.pdf
      hash: md5
      md5: 8af1149fd8f778d8cd57149c6c992985
      size: 1081356
  validate-w-capy:
    cmd: calkit nb execute --environment openflash-on-branch --no-check 
      --language python --to html 
      "analysis/validation_with_capytaine_plots.ipynb"
    deps:
    - path: .calkit/env-locks/openflash-on-branch.yml
      hash: md5
      md5: 809e1461e567bcd119a5dc3573f4f079
      size: 8104
    - path: 
        .calkit/notebooks/cleaned/analysis/validation_with_capytaine_plots.ipynb
      hash: md5
      md5: 72112c8b53963330c628a1f3d7abf38c
      size: 26979
    outs:
    - path: 
        .calkit/notebooks/executed/analysis/validation_with_capytaine_plots.ipynb
      hash: md5
      md5: 8413ff3a56886c89956591f0525fea8c
      size: 912363
    - path: .calkit/notebooks/html/analysis/validation_with_capytaine_plots.html
      hash: md5
      md5: 6e292bbba33c4d1d00d47b0408fff4cb
      size: 1237111
    - path: pubs/JFM/figs/MEEM_vs_Capytaine_Nonslant_Validation.pdf
      hash: md5
      md5: dbe96c02e070db097028b7905c3a6246
      size: 57071
  _check-env-openflash-on-branch:
    cmd: calkit check environment --name openflash-on-branch
    deps:
    - path: analysis/environment-branch.yml
      hash: md5
      md5: c7090b4a377fa38f96dd752e445ce642
      size: 272
    outs:
    - path: .calkit/env-locks/openflash-on-branch.yml
      hash: md5
      md5: 809e1461e567bcd119a5dc3573f4f079
      size: 8104
  _check-env-openflash-on-main:
    cmd: calkit check environment --name openflash-on-main
    deps:
    - path: analysis/environment-main.yml
      hash: md5
      md5: a4f0543338a106ff7271b1b78edcdb9e
      size: 121
    outs:
    - path: .calkit/env-locks/openflash-on-main.yml
      hash: md5
      md5: 685f0053271f9fe967c08e053c4ead1c
      size: 7950
  generate-figs:
    cmd: calkit xenv -n openflash-on-main --no-check -- python 
      analysis/make_fig.py
    deps:
    - path: .calkit/env-locks/openflash-on-main
      hash: md5
      md5: 66f6a19c3ce44de1c47e3b6f6f466061.dir
      size: 16386
      nfiles: 2
    - path: analysis/make_fig.py
      hash: md5
      md5: 342457a14ecf071e569ed77bc9b70d5e
      size: 199
    - path: package/src/
      hash: md5
      md5: 9592fc7c554a97cfc81d743ddea416b1.dir
      size: 554713
      nfiles: 51
    outs:
    - path: pubs/JFM/figs/sample_plot.png
      hash: md5
      md5: d974aa29cc09cc14918684f48873dda3
      size: 25165
  _clean-nb-validate-w-capy:
    cmd: calkit nb clean "analysis/validation_with_capytaine_plots.ipynb"
    deps:
    - path: analysis/validation_with_capytaine_plots.ipynb
      hash: md5
      md5: cecfeb9152a2e360ee31c1aee0dae4de
      size: 864103
    outs:
    - path: 
        .calkit/notebooks/cleaned/analysis/validation_with_capytaine_plots.ipynb
      hash: md5
      md5: 72112c8b53963330c628a1f3d7abf38c
      size: 26979
  _clean-nb-low-m0-figs:
    cmd: calkit nb clean "analysis/low_m0_plots.ipynb"
    deps:
    - path: analysis/low_m0_plots.ipynb
      hash: md5
      md5: b3a75b6fd5bed20cc8700a760eed9e56
      size: 75377
    outs:
    - path: .calkit/notebooks/cleaned/analysis/low_m0_plots.ipynb
      hash: md5
      md5: 36e8dfc355044bf8b8d9232fdaf113b9
      size: 11078
  low-m0-figs:
    cmd: calkit nb execute --environment openflash-on-branch --no-check 
      --language python --to html "analysis/low_m0_plots.ipynb"
    deps:
    - path: .calkit/env-locks/openflash-on-branch.yml
      hash: md5
      md5: 809e1461e567bcd119a5dc3573f4f079
      size: 8104
    - path: .calkit/notebooks/cleaned/analysis/low_m0_plots.ipynb
      hash: md5
      md5: 36e8dfc355044bf8b8d9232fdaf113b9
      size: 11078
    - path: dev/python/limiting-cases/low_m0.py
      hash: md5
      md5: 14c26f7e714c57e0de0a9b507a4a8091
      size: 5745
    - path: package/src/
      hash: md5
      md5: 572f46c6279de9cc9f54d639111fa1db.dir
      size: 581555
      nfiles: 53
    - path: sea-lab-utils
      hash: md5
      md5: d8a8ec7987d627dcda8dbb6472a86aaf.dir
      size: 22765
      nfiles: 23
    outs:
    - path: .calkit/notebooks/executed/analysis/low_m0_plots.ipynb
      hash: md5
      md5: d431f522677be25f292ff99f8fc8b7f3
      size: 98160
    - path: .calkit/notebooks/html/analysis/low_m0_plots.html
      hash: md5
      md5: 19181d63062ef8cccb9356e7540e576f
      size: 410342
    - path: pubs/JFM/figs/MEEM-Low-Freq.pdf
      hash: md5
      md5: 31250b06ade46d3aeabc30b71523b24c
      size: 123640
  _clean-nb-slant-figs:
    cmd: calkit nb clean "analysis/slant_data_plots.ipynb"
    deps:
    - path: analysis/slant_data_plots.ipynb
      hash: md5
      md5: b9fe8644ef4c3084e78f979e6d7cf283
      size: 460719
    outs:
    - path: .calkit/notebooks/cleaned/analysis/slant_data_plots.ipynb
      hash: md5
      md5: ebb16476c6dc9d2e43f0199c559ca83c
      size: 41703
  slant-figs:
    cmd: calkit nb execute --environment openflash-on-branch --no-check 
      --language python --to html "analysis/slant_data_plots.ipynb"
    deps:
    - path: .calkit/env-locks/openflash-on-branch.yml
      hash: md5
      md5: 809e1461e567bcd119a5dc3573f4f079
      size: 8104
    - path: .calkit/notebooks/cleaned/analysis/slant_data_plots.ipynb
      hash: md5
      md5: ebb16476c6dc9d2e43f0199c559ca83c
      size: 41703
    - path: analysis/data/potential-slants.pkl
      hash: md5
      md5: 31cd3c8c05c5951db5f91ef631c166a0
      size: 1495603
    - path: analysis/data/slants.pkl
      hash: md5
      md5: 085a3f3953c7423cd8a47d5ef6271453
      size: 6715
    - path: analysis/data/slope-slants.pkl
      hash: md5
      md5: 3cb581a4d2a2774c678c1ab000b5bcdc
      size: 6664
    - path: sea-lab-utils
      hash: md5
      md5: d8a8ec7987d627dcda8dbb6472a86aaf.dir
      size: 22765
      nfiles: 23
    outs:
    - path: .calkit/notebooks/executed/analysis/slant_data_plots.ipynb
      hash: md5
      md5: f39fd1f5bbc32c6d1e864bb0ed761e58
      size: 540100
    - path: .calkit/notebooks/html/analysis/slant_data_plots.html
      hash: md5
      md5: ca74c891b906562f6c22c0d1b0400bb5
      size: 959446
    - path: pubs/JFM/figs/Along-Outline.pdf
      hash: md5
      md5: c10c729d9c8b05864498126d028493a0
      size: 51542
    - path: pubs/JFM/figs/Cross-Section-Potential-Slant.pdf
      hash: md5
      md5: 8bac535182748b456b13e77c187674eb
      size: 276268
    - path: pubs/JFM/figs/MEEM-CPT-Slant-Freq.pdf
      hash: md5
      md5: 8e70ced0c70d0739eb7c0ea5aed11fb7
      size: 49638
    - path: pubs/JFM/figs/Vary-Slopes.pdf
      hash: md5
      md5: 741550e82b3a39703ba7f353c1772559
      size: 62648
  _clean-nb-timing-figs:
    cmd: calkit nb clean "analysis/timing_plots.ipynb"
    deps:
    - path: analysis/timing_plots.ipynb
      hash: md5
      md5: 7c81d66b6d6d4969df344c56345b58ac
      size: 353665
    outs:
    - path: .calkit/notebooks/cleaned/analysis/timing_plots.ipynb
      hash: md5
      md5: 762c0a0b00b7bb9752090a74602a184d
      size: 21184
  timing-figs:
    cmd: calkit nb execute --environment openflash-on-branch --no-check 
      --language python --to html "analysis/timing_plots.ipynb"
    deps:
    - path: .calkit/env-locks/openflash-on-branch.yml
      hash: md5
      md5: 809e1461e567bcd119a5dc3573f4f079
      size: 8104
    - path: .calkit/notebooks/cleaned/analysis/timing_plots.ipynb
      hash: md5
      md5: 762c0a0b00b7bb9752090a74602a184d
      size: 21184
    - path: analysis/data/timing.pkl
      hash: md5
      md5: 8f44378ee5eed677e435c38ac905d0af
      size: 4035
    - path: sea-lab-utils
      hash: md5
      md5: d8a8ec7987d627dcda8dbb6472a86aaf.dir
      size: 22765
      nfiles: 23
    outs:
    - path: .calkit/notebooks/executed/analysis/timing_plots.ipynb
      hash: md5
      md5: 831edbb09f1ff248fec0416cace93bd8
      size: 465244
    - path: .calkit/notebooks/html/analysis/timing_plots.html
      hash: md5
      md5: d42f7b6a84dd2fd049b1b45ab6bc1735
      size: 812712
    - path: pubs/JFM/figs/MEEM-CPT-Speed-Comparison.pdf
      hash: md5
      md5: 90176111a3354044e88df45cefd5537f
      size: 46981
    - path: pubs/JFM/figs/MEEM-CPT-Time-Matrix-Comparison.pdf
      hash: md5
      md5: fea2e98c8f7fc4a03fc15095a3578773
      size: 42412
    - path: pubs/JFM/figs/MEEM-Comp-Distribution.pdf
      hash: md5
      md5: ff0c55db547d0d73555f7ffb47737f68
      size: 76445
  sparsity-figs:
    cmd: calkit nb execute --environment openflash-on-main --no-check --language
      python --to html "analysis/sparsity_plots.ipynb"
    deps:
    - path: .calkit/env-locks/openflash-on-main.yml
      hash: md5
      md5: 685f0053271f9fe967c08e053c4ead1c
      size: 7950
    - path: .calkit/notebooks/cleaned/analysis/sparsity_plots.ipynb
      hash: md5
      md5: 0134d5db423439de124ce0ef9bee84ea
      size: 10728
    outs:
    - path: .calkit/notebooks/executed/analysis/sparsity_plots.ipynb
      hash: md5
      md5: 66d3ec02ab4b2ebac806b0ca13c772e6
      size: 125705
    - path: .calkit/notebooks/html/analysis/sparsity_plots.html
      hash: md5
      md5: b7520005a5dfae280f367cc86114ba9f
      size: 440221
    - path: pubs/JFM/figs/A_sparsity_plot.pdf
      hash: md5
      md5: ae8fbc3f1aa244297fabe6ac963777bc
      size: 11257
    - path: pubs/JFM/figs/B_sparsity_plot.pdf
      hash: md5
      md5: c8972854b9258cf5673cb5f45f232af9
      size: 7913
    - path: pubs/JFM/figs/C_sparsity_plot.pdf
      hash: md5
      md5: 98dfbe57fe4e57fad2492a4ba9ec9572
      size: 8757
  convergence-figs:
    cmd: calkit nb execute --environment openflash-on-branch --no-check 
      --language python --to html "analysis/convergence-results.ipynb"
    deps:
    - path: .calkit/env-locks/openflash-on-branch.yml
      hash: md5
      md5: 809e1461e567bcd119a5dc3573f4f079
      size: 8104
    - path: .calkit/notebooks/cleaned/analysis/convergence-results.ipynb
      hash: md5
      md5: 60ab9ca4712877c0dbbaad48adc65312
      size: 42697
    - path: sea-lab-utils
      hash: md5
      md5: d8a8ec7987d627dcda8dbb6472a86aaf.dir
      size: 22765
      nfiles: 23
    outs:
    - path: .calkit/notebooks/executed/analysis/convergence-results.ipynb
      hash: md5
      md5: 38823f147dd0c15177e43b4d32910ef2
      size: 299012
    - path: .calkit/notebooks/html/analysis/convergence-results.html
      hash: md5
      md5: 02025f1aa408dafd51ddba6a87b6c64a
      size: 683462
    - path: pubs/JFM/figs/alpha-beta-explanation.pdf
      hash: md5
      md5: 310c0c00c45b0adda949dc0775605e4a
      size: 122649
    - path: pubs/JFM/figs/alpha-beta-to-trend.pdf
      hash: md5
      md5: 590ba7dfe6e16c7a1d3de9865ef32130
      size: 128483
    - path: pubs/JFM/figs/convergence-fit-assessment.pdf
      hash: md5
      md5: 2210adfffa41f3b10bd325f071ab80c9
      size: 65802
  graphical-abstract:
    cmd: calkit xenv -n tex --no-check -- latexmk -cd -norc 
      -interaction=nonstopmode -silent -synctex=1 -pdf 
      pubs/JFM/figs/graph_abstract.tex
    deps:
    - path: .calkit/env-locks/tex.json
      hash: md5
      md5: ce301ee9d49aae58b70bbcaf4e72a44a
      size: 1171
    - path: pubs/JFM/figs/graph_abstract.tex
      hash: md5
      md5: ec8dbe649b3b67812906d82d7a78ce23
      size: 2271
    outs:
    - path: pubs/JFM/figs/graph_abstract.log
      hash: md5
      md5: c1cf8384459bae2400267311b4f6b2fe
      size: 16701
    - path: pubs/JFM/figs/graph_abstract.pdf
      hash: md5
      md5: 9689854ec099f914878ad42b1ce84ff0
      size: 11873
  _clean-nb-convergence-figs:
    cmd: calkit nb clean "analysis/convergence-results.ipynb"
    deps:
    - path: analysis/convergence-results.ipynb
      hash: md5
      md5: c2ce606da8ded6b7ef7e47aa2ca4c9f4
      size: 223215
    outs:
    - path: .calkit/notebooks/cleaned/analysis/convergence-results.ipynb
      hash: md5
      md5: 60ab9ca4712877c0dbbaad48adc65312
      size: 42697
  _clean-nb-sparsity-figs:
    cmd: calkit nb clean "analysis/sparsity_plots.ipynb"
    deps:
    - path: analysis/sparsity_plots.ipynb
      hash: md5
      md5: 29eecbf9a75807c5085f9f810e7e9503
      size: 106401
    outs:
    - path: .calkit/notebooks/cleaned/analysis/sparsity_plots.ipynb
      hash: md5
      md5: 0134d5db423439de124ce0ef9bee84ea
      size: 10728
